<?xml version="1.0" encoding="utf-8"?>
<Project ToolsVersion="4.0" xmlns="http://schemas.microsoft.com/developer/msbuild/2003">
  <ItemGroup>
    <Filter Include="Source Files">
      <UniqueIdentifier>{4FC737F1-C7A5-4376-A066-2A32D752A2FF}</UniqueIdentifier>
      <Extensions>cpp;c;cc;cxx;c++;cppm;ixx;def;odl;idl;hpj;bat;asm;asmx</Extensions>
    </Filter>
    <Filter Include="Header Files">
      <UniqueIdentifier>{93995380-89BD-4b04-88EB-625FBE52EBFB}</UniqueIdentifier>
      <Extensions>h;hh;hpp;hxx;h++;hm;inl;inc;ipp;xsd</Extensions>
    </Filter>
    <Filter Include="Resource Files">
      <UniqueIdentifier>{67DA6AB6-F800-4c08-8B7A-83BB121AAD01}</UniqueIdentifier>
      <Extensions>rc;ico;cur;bmp;dlg;rc2;rct;bin;rgs;gif;jpg;jpeg;jpe;resx;tiff;tif;png;wav;mfcribbon-ms</Extensions>
    </Filter>
    <Filter Include="Spike">
      <UniqueIdentifier>{949e94f3-dff1-4586-9e31-aa1affdb78ae}</UniqueIdentifier>
    </Filter>
    <Filter Include="Spike\Header Files">
      <UniqueIdentifier>{f46af887-529e-456d-b705-b872f362e937}</UniqueIdentifier>
    </Filter>
    <Filter Include="Spike\Source Files">
      <UniqueIdentifier>{79d2c149-a699-4a53-b335-97589fa85e90}</UniqueIdentifier>
    </Filter>
  </ItemGroup>
  <ItemGroup>
    <ClCompile Include="Main.cpp">
      <Filter>Source Files</Filter>
    </ClCompile>
    <ClCompile Include="Window.cpp">
      <Filter>Source Files</Filter>
    </ClCompile>
    <ClCompile Include="StandardWindow.cpp">
      <Filter>Source Files</Filter>
    </ClCompile>
    <ClCompile Include="CustomWindow.cpp">
      <Filter>Source Files</Filter>
    </ClCompile>
    <ClCompile Include="Spike\NetworkChannel.cpp">
      <Filter>Spike\Source Files</Filter>
    </ClCompile>
    <ClCompile Include="Spike\NetworkManager.cpp">
      <Filter>Spike\Source Files</Filter>
    </ClCompile>
    <ClCompile Include="Spike\NetworkServer.cpp">
      <Filter>Spike\Source Files</Filter>
    </ClCompile>
  </ItemGroup>
  <ItemGroup>
    <ClInclude Include="Window.h">
      <Filter>Header Files</Filter>
    </ClInclude>
    <ClInclude Include="StandardWindow.h">
      <Filter>Header Files</Filter>
    </ClInclude>
    <ClInclude Include="Label.h">
      <Filter>Header Files</Filter>
    </ClInclude>
    <ClInclude Include="CustomWindow.h">
      <Filter>Header Files</Filter>
    </ClInclude>
    <ClInclude Include="WindowComponent.h">
      <Filter>Header Files</Filter>
    </ClInclude>
    <ClInclude Include="TextButton.h">
      <Filter>Header Files</Filter>
    </ClInclude>
    <ClInclude Include="ScrollWindow.h">
      <Filter>Header Files</Filter>
    </ClInclude>
    <ClInclude Include="ImageWindow.h">
      <Filter>Header Files</Filter>
    </ClInclude>
    <ClInclude Include="ImageButton.h">
      <Filter>Header Files</Filter>
    </ClInclude>
    <ClInclude Include="TextEntry.h">
      <Filter>Header Files</Filter>
    </ClInclude>
    <ClInclude Include="DriveRuntime.h">
      <Filter>Header Files</Filter>
    </ClInclude>
    <ClInclude Include="Spike\CustomOutStream.h">
      <Filter>Spike\Header Files</Filter>
    </ClInclude>
    <ClInclude Include="Spike\Exception.h">
      <Filter>Spike\Header Files</Filter>
    </ClInclude>
    <ClInclude Include="Spike\HeadParser.h">
      <Filter>Spike\Header Files</Filter>
    </ClInclude>
    <ClInclude Include="Spike\HttpException.h">
      <Filter>Spike\Header Files</Filter>
    </ClInclude>
    <ClInclude Include="Spike\HttpHeaders.h">
      <Filter>Spike\Header Files</Filter>
    </ClInclude>
    <ClInclude Include="Spike\HttpServer.h">
      <Filter>Spike\Header Files</Filter>
    </ClInclude>
    <ClInclude Include="Spike\NetworkChannel.h">
      <Filter>Spike\Header Files</Filter>
    </ClInclude>
    <ClInclude Include="Spike\NetworkException.h">
      <Filter>Spike\Header Files</Filter>
    </ClInclude>
    <ClInclude Include="Spike\NetworkManager.h">
      <Filter>Spike\Header Files</Filter>
    </ClInclude>
    <ClInclude Include="Spike\NetworkServer.h">
      <Filter>Spike\Header Files</Filter>
    </ClInclude>
    <ClInclude Include="Spike\OutFileStream.h">
      <Filter>Spike\Header Files</Filter>
    </ClInclude>
    <ClInclude Include="Spike\OutRawStream.h">
      <Filter>Spike\Header Files</Filter>
    </ClInclude>
    <ClInclude Include="Spike\OutStream.h">
      <Filter>Spike\Header Files</Filter>
    </ClInclude>
    <ClInclude Include="Spike\OutStringStream.h">
      <Filter>Spike\Header Files</Filter>
    </ClInclude>
    <ClInclude Include="Spike\ParserTools.h">
      <Filter>Spike\Header Files</Filter>
    </ClInclude>
    <ClInclude Include="Spike\PathPattern.h">
      <Filter>Spike\Header Files</Filter>
    </ClInclude>
    <ClInclude Include="Spike\Request.h">
      <Filter>Spike\Header Files</Filter>
    </ClInclude>
    <ClInclude Include="Spike\Response.h">
      <Filter>Spike\Header Files</Filter>
    </ClInclude>
    <ClInclude Include="Spike\ResponseLocker.h">
      <Filter>Spike\Header Files</Filter>
    </ClInclude>
  </ItemGroup>
</Project>